
Microsoft Visual Studio Solution File, Format Version 12.00
# Visual Studio Version 17
VisualStudioVersion = 17.7.34024.191
MinimumVisualStudioVersion = 10.0.40219.1
Project("{9A19103F-16F7-4668-BE54-9A1E7A4F7556}") = "DesignPatterns.Composite", "DesignPatterns.Composite\DesignPatterns.Composite.csproj", "{36B6DED3-2748-4C2C-AC84-A491F32F3983}"
EndProject
Project("{9A19103F-16F7-4668-BE54-9A1E7A4F7556}") = "DesignPatterns.Singleton", "DesignPatterns.Singleton\DesignPatterns.Singleton.csproj", "{BAB78AD7-DB8D-402D-B0F1-FC8A27753256}"
EndProject
Project("{9A19103F-16F7-4668-BE54-9A1E7A4F7556}") = "DesignPatterns.Builder", "DesignPatterns.Builder\DesignPatterns.Builder.csproj", "{16E7430A-1851-4AB5-8FAC-5B493C34D775}"
EndProject
Project("{9A19103F-16F7-4668-BE54-9A1E7A4F7556}") = "DesignPatterns.Adapter", "DesignPatterns.Adapter\DesignPatterns.Adapter.csproj", "{329BC3C8-9F77-4744-B635-03559FB738B2}"
EndProject
Project("{9A19103F-16F7-4668-BE54-9A1E7A4F7556}") = "DesignPatterns.Bridge", "DesignPatterns.Bridge\DesignPatterns.Bridge.csproj", "{B7B55D8E-BF55-418D-AD2C-86730F435508}"
EndProject
Project("{9A19103F-16F7-4668-BE54-9A1E7A4F7556}") = "DesignPatterns.Decorator", "DesignPatterns.Decorator\DesignPatterns.Decorator.csproj", "{0810666A-FA95-452E-8CDB-F718D63CB45B}"
EndProject
Project("{2150E333-8FDC-42A3-9474-1A3956D46DE8}") = "Estructurales", "Estructurales", "{270AD005-DFAE-4F5E-82F6-D467940B551A}"
EndProject
Project("{2150E333-8FDC-42A3-9474-1A3956D46DE8}") = "Creacionales", "Creacionales", "{FD52FA50-1043-438A-9AE4-30DB80E23C4B}"
EndProject
Project("{2150E333-8FDC-42A3-9474-1A3956D46DE8}") = "Comportamentales", "Comportamentales", "{FD9C403B-268C-4B82-B3FA-A3CA38D21606}"
EndProject
Project("{9A19103F-16F7-4668-BE54-9A1E7A4F7556}") = "DesignPatterns.Observer", "DesignPatterns.Observer\DesignPatterns.Observer.csproj", "{63721F7B-7F2E-46A2-9872-07E2A81DAA74}"
EndProject
Project("{9A19103F-16F7-4668-BE54-9A1E7A4F7556}") = "DesignPatterns.State", "DesignPatterns.State\DesignPatterns.State.csproj", "{1372AFEE-06BA-48C5-AFC9-F19B0299A8FB}"
EndProject
Project("{9A19103F-16F7-4668-BE54-9A1E7A4F7556}") = "DesignPatterns.Strategy", "DesignPatterns.Strategy\DesignPatterns.Strategy.csproj", "{FE5BEEA7-DDC7-4F97-A2A2-419D965D6FD1}"
EndProject
Project("{9A19103F-16F7-4668-BE54-9A1E7A4F7556}") = "DesignPatterns.Template", "DesignPatterns.Template\DesignPatterns.Template.csproj", "{759D7EFA-F5D4-4B45-96FE-05B31C91A9C6}"
EndProject
Project("{9A19103F-16F7-4668-BE54-9A1E7A4F7556}") = "DessignPatterns.Visitor", "DessignPatterns.Visitor\DessignPatterns.Visitor.csproj", "{CA3353FE-40E6-43B6-BB02-620D0E060F44}"
EndProject
Project("{9A19103F-16F7-4668-BE54-9A1E7A4F7556}") = "DesignPatterns.FactoryMethod", "DesignPatterns.FactoryMethod\DesignPatterns.FactoryMethod.csproj", "{C136A48B-7435-43ED-AC1E-9C992251666C}"
EndProject
Project("{9A19103F-16F7-4668-BE54-9A1E7A4F7556}") = "DesignPatterns.AbstractFactory", "DesignPatterns.AbstractFactory\DesignPatterns.AbstractFactory.csproj", "{B1783255-A83F-4C7A-9F9A-DB8DBE5D3667}"
EndProject
Project("{9A19103F-16F7-4668-BE54-9A1E7A4F7556}") = "DesignPatterns.Prototype", "DesignPatterns.Prototype\DesignPatterns.Prototype.csproj", "{EF245DF8-32E2-4407-9393-CA4F7B90EF1B}"
EndProject
Project("{FAE04EC0-301F-11D3-BF4B-00C04F79EFBC}") = "DesignPatterns.Facade", "DesignPatterns.Facade\DesignPatterns.Facade.csproj", "{9D3C5FA3-F215-4E16-8E36-7FE42347A253}"
EndProject
Project("{FAE04EC0-301F-11D3-BF4B-00C04F79EFBC}") = "DesignPatterns.Flyweight", "DesignPatterns.Flyweight\DesignPatterns.Flyweight.csproj", "{A8EF8725-6E13-4AD5-AC72-BCF5A9618B76}"
EndProject
Project("{FAE04EC0-301F-11D3-BF4B-00C04F79EFBC}") = "DesignPatterns.Proxy", "DesignPatterns.Proxy\DesignPatterns.Proxy.csproj", "{FE39ED7E-A6A4-4F85-B0E1-E6DC80F6995C}"
EndProject
Project("{FAE04EC0-301F-11D3-BF4B-00C04F79EFBC}") = "DesignPatterns.ChainOfResponsability", "DesignPatterns.ChainOfResponsability\DesignPatterns.ChainOfResponsability.csproj", "{01676208-1615-4224-8760-4C46FDAE8E43}"
EndProject
Global
	GlobalSection(SolutionConfigurationPlatforms) = preSolution
		Debug|Any CPU = Debug|Any CPU
		Release|Any CPU = Release|Any CPU
	EndGlobalSection
	GlobalSection(ProjectConfigurationPlatforms) = postSolution
		{36B6DED3-2748-4C2C-AC84-A491F32F3983}.Debug|Any CPU.ActiveCfg = Debug|Any CPU
		{36B6DED3-2748-4C2C-AC84-A491F32F3983}.Debug|Any CPU.Build.0 = Debug|Any CPU
		{36B6DED3-2748-4C2C-AC84-A491F32F3983}.Release|Any CPU.ActiveCfg = Release|Any CPU
		{36B6DED3-2748-4C2C-AC84-A491F32F3983}.Release|Any CPU.Build.0 = Release|Any CPU
		{BAB78AD7-DB8D-402D-B0F1-FC8A27753256}.Debug|Any CPU.ActiveCfg = Debug|Any CPU
		{BAB78AD7-DB8D-402D-B0F1-FC8A27753256}.Debug|Any CPU.Build.0 = Debug|Any CPU
		{BAB78AD7-DB8D-402D-B0F1-FC8A27753256}.Release|Any CPU.ActiveCfg = Release|Any CPU
		{BAB78AD7-DB8D-402D-B0F1-FC8A27753256}.Release|Any CPU.Build.0 = Release|Any CPU
		{16E7430A-1851-4AB5-8FAC-5B493C34D775}.Debug|Any CPU.ActiveCfg = Debug|Any CPU
		{16E7430A-1851-4AB5-8FAC-5B493C34D775}.Debug|Any CPU.Build.0 = Debug|Any CPU
		{16E7430A-1851-4AB5-8FAC-5B493C34D775}.Release|Any CPU.ActiveCfg = Release|Any CPU
		{16E7430A-1851-4AB5-8FAC-5B493C34D775}.Release|Any CPU.Build.0 = Release|Any CPU
		{329BC3C8-9F77-4744-B635-03559FB738B2}.Debug|Any CPU.ActiveCfg = Debug|Any CPU
		{329BC3C8-9F77-4744-B635-03559FB738B2}.Debug|Any CPU.Build.0 = Debug|Any CPU
		{329BC3C8-9F77-4744-B635-03559FB738B2}.Release|Any CPU.ActiveCfg = Release|Any CPU
		{329BC3C8-9F77-4744-B635-03559FB738B2}.Release|Any CPU.Build.0 = Release|Any CPU
		{B7B55D8E-BF55-418D-AD2C-86730F435508}.Debug|Any CPU.ActiveCfg = Debug|Any CPU
		{B7B55D8E-BF55-418D-AD2C-86730F435508}.Debug|Any CPU.Build.0 = Debug|Any CPU
		{B7B55D8E-BF55-418D-AD2C-86730F435508}.Release|Any CPU.ActiveCfg = Release|Any CPU
		{B7B55D8E-BF55-418D-AD2C-86730F435508}.Release|Any CPU.Build.0 = Release|Any CPU
		{0810666A-FA95-452E-8CDB-F718D63CB45B}.Debug|Any CPU.ActiveCfg = Debug|Any CPU
		{0810666A-FA95-452E-8CDB-F718D63CB45B}.Debug|Any CPU.Build.0 = Debug|Any CPU
		{0810666A-FA95-452E-8CDB-F718D63CB45B}.Release|Any CPU.ActiveCfg = Release|Any CPU
		{0810666A-FA95-452E-8CDB-F718D63CB45B}.Release|Any CPU.Build.0 = Release|Any CPU
		{63721F7B-7F2E-46A2-9872-07E2A81DAA74}.Debug|Any CPU.ActiveCfg = Debug|Any CPU
		{63721F7B-7F2E-46A2-9872-07E2A81DAA74}.Debug|Any CPU.Build.0 = Debug|Any CPU
		{63721F7B-7F2E-46A2-9872-07E2A81DAA74}.Release|Any CPU.ActiveCfg = Release|Any CPU
		{63721F7B-7F2E-46A2-9872-07E2A81DAA74}.Release|Any CPU.Build.0 = Release|Any CPU
		{1372AFEE-06BA-48C5-AFC9-F19B0299A8FB}.Debug|Any CPU.ActiveCfg = Debug|Any CPU
		{1372AFEE-06BA-48C5-AFC9-F19B0299A8FB}.Debug|Any CPU.Build.0 = Debug|Any CPU
		{1372AFEE-06BA-48C5-AFC9-F19B0299A8FB}.Release|Any CPU.ActiveCfg = Release|Any CPU
		{1372AFEE-06BA-48C5-AFC9-F19B0299A8FB}.Release|Any CPU.Build.0 = Release|Any CPU
		{FE5BEEA7-DDC7-4F97-A2A2-419D965D6FD1}.Debug|Any CPU.ActiveCfg = Debug|Any CPU
		{FE5BEEA7-DDC7-4F97-A2A2-419D965D6FD1}.Debug|Any CPU.Build.0 = Debug|Any CPU
		{FE5BEEA7-DDC7-4F97-A2A2-419D965D6FD1}.Release|Any CPU.ActiveCfg = Release|Any CPU
		{FE5BEEA7-DDC7-4F97-A2A2-419D965D6FD1}.Release|Any CPU.Build.0 = Release|Any CPU
		{759D7EFA-F5D4-4B45-96FE-05B31C91A9C6}.Debug|Any CPU.ActiveCfg = Debug|Any CPU
		{759D7EFA-F5D4-4B45-96FE-05B31C91A9C6}.Debug|Any CPU.Build.0 = Debug|Any CPU
		{759D7EFA-F5D4-4B45-96FE-05B31C91A9C6}.Release|Any CPU.ActiveCfg = Release|Any CPU
		{759D7EFA-F5D4-4B45-96FE-05B31C91A9C6}.Release|Any CPU.Build.0 = Release|Any CPU
		{CA3353FE-40E6-43B6-BB02-620D0E060F44}.Debug|Any CPU.ActiveCfg = Debug|Any CPU
		{CA3353FE-40E6-43B6-BB02-620D0E060F44}.Debug|Any CPU.Build.0 = Debug|Any CPU
		{CA3353FE-40E6-43B6-BB02-620D0E060F44}.Release|Any CPU.ActiveCfg = Release|Any CPU
		{CA3353FE-40E6-43B6-BB02-620D0E060F44}.Release|Any CPU.Build.0 = Release|Any CPU
		{C136A48B-7435-43ED-AC1E-9C992251666C}.Debug|Any CPU.ActiveCfg = Debug|Any CPU
		{C136A48B-7435-43ED-AC1E-9C992251666C}.Debug|Any CPU.Build.0 = Debug|Any CPU
		{C136A48B-7435-43ED-AC1E-9C992251666C}.Release|Any CPU.ActiveCfg = Release|Any CPU
		{C136A48B-7435-43ED-AC1E-9C992251666C}.Release|Any CPU.Build.0 = Release|Any CPU
		{B1783255-A83F-4C7A-9F9A-DB8DBE5D3667}.Debug|Any CPU.ActiveCfg = Debug|Any CPU
		{B1783255-A83F-4C7A-9F9A-DB8DBE5D3667}.Debug|Any CPU.Build.0 = Debug|Any CPU
		{B1783255-A83F-4C7A-9F9A-DB8DBE5D3667}.Release|Any CPU.ActiveCfg = Release|Any CPU
		{B1783255-A83F-4C7A-9F9A-DB8DBE5D3667}.Release|Any CPU.Build.0 = Release|Any CPU
		{EF245DF8-32E2-4407-9393-CA4F7B90EF1B}.Debug|Any CPU.ActiveCfg = Debug|Any CPU
		{EF245DF8-32E2-4407-9393-CA4F7B90EF1B}.Debug|Any CPU.Build.0 = Debug|Any CPU
		{EF245DF8-32E2-4407-9393-CA4F7B90EF1B}.Release|Any CPU.ActiveCfg = Release|Any CPU
		{EF245DF8-32E2-4407-9393-CA4F7B90EF1B}.Release|Any CPU.Build.0 = Release|Any CPU
		{9D3C5FA3-F215-4E16-8E36-7FE42347A253}.Debug|Any CPU.ActiveCfg = Debug|Any CPU
		{9D3C5FA3-F215-4E16-8E36-7FE42347A253}.Debug|Any CPU.Build.0 = Debug|Any CPU
		{9D3C5FA3-F215-4E16-8E36-7FE42347A253}.Release|Any CPU.ActiveCfg = Release|Any CPU
		{9D3C5FA3-F215-4E16-8E36-7FE42347A253}.Release|Any CPU.Build.0 = Release|Any CPU
		{A8EF8725-6E13-4AD5-AC72-BCF5A9618B76}.Debug|Any CPU.ActiveCfg = Debug|Any CPU
		{A8EF8725-6E13-4AD5-AC72-BCF5A9618B76}.Debug|Any CPU.Build.0 = Debug|Any CPU
		{A8EF8725-6E13-4AD5-AC72-BCF5A9618B76}.Release|Any CPU.ActiveCfg = Release|Any CPU
		{A8EF8725-6E13-4AD5-AC72-BCF5A9618B76}.Release|Any CPU.Build.0 = Release|Any CPU
		{FE39ED7E-A6A4-4F85-B0E1-E6DC80F6995C}.Debug|Any CPU.ActiveCfg = Debug|Any CPU
		{FE39ED7E-A6A4-4F85-B0E1-E6DC80F6995C}.Debug|Any CPU.Build.0 = Debug|Any CPU
		{FE39ED7E-A6A4-4F85-B0E1-E6DC80F6995C}.Release|Any CPU.ActiveCfg = Release|Any CPU
		{FE39ED7E-A6A4-4F85-B0E1-E6DC80F6995C}.Release|Any CPU.Build.0 = Release|Any CPU
		{01676208-1615-4224-8760-4C46FDAE8E43}.Debug|Any CPU.ActiveCfg = Debug|Any CPU
		{01676208-1615-4224-8760-4C46FDAE8E43}.Debug|Any CPU.Build.0 = Debug|Any CPU
		{01676208-1615-4224-8760-4C46FDAE8E43}.Release|Any CPU.ActiveCfg = Release|Any CPU
		{01676208-1615-4224-8760-4C46FDAE8E43}.Release|Any CPU.Build.0 = Release|Any CPU
	EndGlobalSection
	GlobalSection(SolutionProperties) = preSolution
		HideSolutionNode = FALSE
	EndGlobalSection
	GlobalSection(NestedProjects) = preSolution
		{36B6DED3-2748-4C2C-AC84-A491F32F3983} = {270AD005-DFAE-4F5E-82F6-D467940B551A}
		{BAB78AD7-DB8D-402D-B0F1-FC8A27753256} = {FD52FA50-1043-438A-9AE4-30DB80E23C4B}
		{16E7430A-1851-4AB5-8FAC-5B493C34D775} = {FD52FA50-1043-438A-9AE4-30DB80E23C4B}
		{329BC3C8-9F77-4744-B635-03559FB738B2} = {270AD005-DFAE-4F5E-82F6-D467940B551A}
		{B7B55D8E-BF55-418D-AD2C-86730F435508} = {270AD005-DFAE-4F5E-82F6-D467940B551A}
		{0810666A-FA95-452E-8CDB-F718D63CB45B} = {270AD005-DFAE-4F5E-82F6-D467940B551A}
		{63721F7B-7F2E-46A2-9872-07E2A81DAA74} = {FD9C403B-268C-4B82-B3FA-A3CA38D21606}
		{1372AFEE-06BA-48C5-AFC9-F19B0299A8FB} = {FD9C403B-268C-4B82-B3FA-A3CA38D21606}
		{FE5BEEA7-DDC7-4F97-A2A2-419D965D6FD1} = {FD9C403B-268C-4B82-B3FA-A3CA38D21606}
		{759D7EFA-F5D4-4B45-96FE-05B31C91A9C6} = {FD9C403B-268C-4B82-B3FA-A3CA38D21606}
		{CA3353FE-40E6-43B6-BB02-620D0E060F44} = {FD9C403B-268C-4B82-B3FA-A3CA38D21606}
		{C136A48B-7435-43ED-AC1E-9C992251666C} = {FD52FA50-1043-438A-9AE4-30DB80E23C4B}
		{B1783255-A83F-4C7A-9F9A-DB8DBE5D3667} = {FD52FA50-1043-438A-9AE4-30DB80E23C4B}
		{EF245DF8-32E2-4407-9393-CA4F7B90EF1B} = {FD52FA50-1043-438A-9AE4-30DB80E23C4B}
		{9D3C5FA3-F215-4E16-8E36-7FE42347A253} = {270AD005-DFAE-4F5E-82F6-D467940B551A}
		{A8EF8725-6E13-4AD5-AC72-BCF5A9618B76} = {270AD005-DFAE-4F5E-82F6-D467940B551A}
		{FE39ED7E-A6A4-4F85-B0E1-E6DC80F6995C} = {270AD005-DFAE-4F5E-82F6-D467940B551A}
		{01676208-1615-4224-8760-4C46FDAE8E43} = {FD9C403B-268C-4B82-B3FA-A3CA38D21606}
	EndGlobalSection
	GlobalSection(ExtensibilityGlobals) = postSolution
		SolutionGuid = {C9ED9204-0834-450C-94F0-C5079B5FE6CB}
	EndGlobalSection
EndGlobal
